
Microsoft Visual Studio Solution File, Format Version 12.00
# Visual Studio Version 17
VisualStudioVersion = 17.0.31903.59
MinimumVisualStudioVersion = 10.0.40219.1
Project("{2150E333-8FDC-42A3-9474-1A3956D46DE8}") = "src", "src", "{006C8F80-4EC4-4156-8FD8-BECCCBC078EC}"
EndProject
Project("{FAE04EC0-301F-11D3-BF4B-00C04F79EFBC}") = "Hony.Api", "src\Hony.Api\Hony.Api.csproj", "{C842FE60-8497-4E17-A082-FFD2B41FFC93}"
EndProject
Project("{FAE04EC0-301F-11D3-BF4B-00C04F79EFBC}") = "Hony.Application", "src\Hony.Application\Hony.Application.csproj", "{12319A8E-AC7E-4988-9502-83A22616F712}"
EndProject
Project("{FAE04EC0-301F-11D3-BF4B-00C04F79EFBC}") = "Hony.Domain", "src\Hony.Domain\Hony.Domain.csproj", "{2D5306CF-FD0F-4E98-BC2E-D5BE471C4AAC}"
EndProject
Project("{FAE04EC0-301F-11D3-BF4B-00C04F79EFBC}") = "Hony.Infrastructure", "src\Hony.Infrastructure\Hony.Infrastructure.csproj", "{6CBEBA1B-BC93-4D0F-9F88-6F6891AD3604}"
EndProject
Project("{FAE04EC0-301F-11D3-BF4B-00C04F79EFBC}") = "Hony.Web", "src\Hony.Web\Hony.Web.csproj", "{9684BD67-552A-4925-8BB0-9DE4B38493AB}"
EndProject
Global
	GlobalSection(SolutionConfigurationPlatforms) = preSolution
		Debug|Any CPU = Debug|Any CPU
		Release|Any CPU = Release|Any CPU
	EndGlobalSection
	GlobalSection(SolutionProperties) = preSolution
		HideSolutionNode = FALSE
	EndGlobalSection
	GlobalSection(ProjectConfigurationPlatforms) = postSolution
		{C842FE60-8497-4E17-A082-FFD2B41FFC93}.Debug|Any CPU.ActiveCfg = Debug|Any CPU
		{C842FE60-8497-4E17-A082-FFD2B41FFC93}.Debug|Any CPU.Build.0 = Debug|Any CPU
		{C842FE60-8497-4E17-A082-FFD2B41FFC93}.Release|Any CPU.ActiveCfg = Release|Any CPU
		{C842FE60-8497-4E17-A082-FFD2B41FFC93}.Release|Any CPU.Build.0 = Release|Any CPU
		{12319A8E-AC7E-4988-9502-83A22616F712}.Debug|Any CPU.ActiveCfg = Debug|Any CPU
		{12319A8E-AC7E-4988-9502-83A22616F712}.Debug|Any CPU.Build.0 = Debug|Any CPU
		{12319A8E-AC7E-4988-9502-83A22616F712}.Release|Any CPU.ActiveCfg = Release|Any CPU
		{12319A8E-AC7E-4988-9502-83A22616F712}.Release|Any CPU.Build.0 = Release|Any CPU
		{2D5306CF-FD0F-4E98-BC2E-D5BE471C4AAC}.Debug|Any CPU.ActiveCfg = Debug|Any CPU
		{2D5306CF-FD0F-4E98-BC2E-D5BE471C4AAC}.Debug|Any CPU.Build.0 = Debug|Any CPU
		{2D5306CF-FD0F-4E98-BC2E-D5BE471C4AAC}.Release|Any CPU.ActiveCfg = Release|Any CPU
		{2D5306CF-FD0F-4E98-BC2E-D5BE471C4AAC}.Release|Any CPU.Build.0 = Release|Any CPU
		{6CBEBA1B-BC93-4D0F-9F88-6F6891AD3604}.Debug|Any CPU.ActiveCfg = Debug|Any CPU
		{6CBEBA1B-BC93-4D0F-9F88-6F6891AD3604}.Debug|Any CPU.Build.0 = Debug|Any CPU
		{6CBEBA1B-BC93-4D0F-9F88-6F6891AD3604}.Release|Any CPU.ActiveCfg = Release|Any CPU
		{6CBEBA1B-BC93-4D0F-9F88-6F6891AD3604}.Release|Any CPU.Build.0 = Release|Any CPU
		{9684BD67-552A-4925-8BB0-9DE4B38493AB}.Debug|Any CPU.ActiveCfg = Debug|Any CPU
		{9684BD67-552A-4925-8BB0-9DE4B38493AB}.Debug|Any CPU.Build.0 = Debug|Any CPU
		{9684BD67-552A-4925-8BB0-9DE4B38493AB}.Release|Any CPU.ActiveCfg = Release|Any CPU
		{9684BD67-552A-4925-8BB0-9DE4B38493AB}.Release|Any CPU.Build.0 = Release|Any CPU
	EndGlobalSection
	GlobalSection(NestedProjects) = preSolution
		{C842FE60-8497-4E17-A082-FFD2B41FFC93} = {006C8F80-4EC4-4156-8FD8-BECCCBC078EC}
		{12319A8E-AC7E-4988-9502-83A22616F712} = {006C8F80-4EC4-4156-8FD8-BECCCBC078EC}
		{2D5306CF-FD0F-4E98-BC2E-D5BE471C4AAC} = {006C8F80-4EC4-4156-8FD8-BECCCBC078EC}
		{6CBEBA1B-BC93-4D0F-9F88-6F6891AD3604} = {006C8F80-4EC4-4156-8FD8-BECCCBC078EC}
		{9684BD67-552A-4925-8BB0-9DE4B38493AB} = {006C8F80-4EC4-4156-8FD8-BECCCBC078EC}
	EndGlobalSection
EndGlobal
